PODS:
  - IQKeyboardManagerSwift (6.2.1)
  - SnapKit (5.0.1)

DEPENDENCIES:
  - IQKeyboardManagerSwift
  - SnapKit (~> 5.0.1)

SPEC REPOS:
  trunk:
    - IQKeyboardManagerSwift
    - SnapKit

SPEC CHECKSUMS:
  IQKeyboardManagerSwift: 0f0ae8935360b4003e6ea1ac7c19898f01e2f7c7
  SnapKit: 97b92857e3df3a0c71833cce143274bf6ef8e5eb

PODFILE CHECKSUM: 42f82444e23112c4649b4e4a06f6a2c7f3a47c03

COCOAPODS: 1.11.2
